// !$*UTF8*$!
{
	archiveVersion = 1;
	classes = {
	};
	objectVersion = 56;
	objects = {

/* Begin PBXBuildFile section */
		D3D3EFD72BE135DA00C57E15 /* Custom_Tabbar_SwiftUIApp.swift in Sources */ = {isa = PBXBuildFile; fileRef = D3D3EFD62BE135DA00C57E15 /* Custom_Tabbar_SwiftUIApp.swift */; };
		D3D3EFD92BE135DA00C57E15 /* ContentView.swift in Sources */ = {isa = PBXBuildFile; fileRef = D3D3EFD82BE135DA00C57E15 /* ContentView.swift */; };
		D3D3EFDB2BE135DD00C57E15 /* Assets.xcassets in Resources */ = {isa = PBXBuildFile; fileRef = D3D3EFDA2BE135DD00C57E15 /* Assets.xcassets */; };
		D3D3EFDE2BE135DD00C57E15 /* Preview Assets.xcassets in Resources */ = {isa = PBXBuildFile; fileRef = D3D3EFDD2BE135DD00C57E15 /* Preview Assets.xcassets */; };
		D3D3EFE52BE1367600C57E15 /* HomeView.swift in Sources */ = {isa = PBXBuildFile; fileRef = D3D3EFE42BE1367600C57E15 /* HomeView.swift */; };
		D3D3EFE72BE1368400C57E15 /* LibraryView.swift in Sources */ = {isa = PBXBuildFile; fileRef = D3D3EFE62BE1368400C57E15 /* LibraryView.swift */; };
		D3D3EFEE2BE137D900C57E15 /* CustomTabbar.swift in Sources */ = {isa = PBXBuildFile; fileRef = D3D3EFED2BE137D900C57E15 /* CustomTabbar.swift */; };
		D3D3EFF02BE1392E00C57E15 /* TabbarButton.swift in Sources */ = {isa = PBXBuildFile; fileRef = D3D3EFEF2BE1392E00C57E15 /* TabbarButton.swift */; };
		D3D3EFF22BE13C0400C57E15 /* SettingView.swift in Sources */ = {isa = PBXBuildFile; fileRef = D3D3EFF12BE13C0400C57E15 /* SettingView.swift */; };
		D3D3EFF62BE13E0900C57E15 /* ToggleButton.swift in Sources */ = {isa = PBXBuildFile; fileRef = D3D3EFF52BE13E0900C57E15 /* ToggleButton.swift */; };
/* End PBXBuildFile section */

/* Begin PBXFileReference section */
		D3D3EFD32BE135DA00C57E15 /* Custom-Tabbar-SwiftUI.app */ = {isa = PBXFileReference; explicitFileType = wrapper.application; includeInIndex = 0; path = "Custom-Tabbar-SwiftUI.app"; sourceTree = BUILT_PRODUCTS_DIR; };
		D3D3EFD62BE135DA00C57E15 /* Custom_Tabbar_SwiftUIApp.swift */ = {isa = PBXFileReference; lastKnownFileType = sourcecode.swift; path = Custom_Tabbar_SwiftUIApp.swift; sourceTree = "<group>"; };
		D3D3EFD82BE135DA00C57E15 /* ContentView.swift */ = {isa = PBXFileReference; lastKnownFileType = sourcecode.swift; path = ContentView.swift; sourceTree = "<group>"; };
		D3D3EFDA2BE135DD00C57E15 /* Assets.xcassets */ = {isa = PBXFileReference; lastKnownFileType = folder.assetcatalog; path = Assets.xcassets; sourceTree = "<group>"; };
		D3D3EFDD2BE135DD00C57E15 /* Preview Assets.xcassets */ = {isa = PBXFileReference; lastKnownFileType = folder.assetcatalog; path = "Preview Assets.xcassets"; sourceTree = "<group>"; };
		D3D3EFE42BE1367600C57E15 /* HomeView.swift */ = {isa = PBXFileReference; lastKnownFileType = sourcecode.swift; path = HomeView.swift; sourceTree = "<group>"; };
		D3D3EFE62BE1368400C57E15 /* LibraryView.swift */ = {isa = PBXFileReference; lastKnownFileType = sourcecode.swift; path = LibraryView.swift; sourceTree = "<group>"; };
		D3D3EFED2BE137D900C57E15 /* CustomTabbar.swift */ = {isa = PBXFileReference; lastKnownFileType = sourcecode.swift; path = CustomTabbar.swift; sourceTree = "<group>"; };
		D3D3EFEF2BE1392E00C57E15 /* TabbarButton.swift */ = {isa = PBXFileReference; lastKnownFileType = sourcecode.swift; path = TabbarButton.swift; sourceTree = "<group>"; };
		D3D3EFF12BE13C0400C57E15 /* SettingView.swift */ = {isa = PBXFileReference; lastKnownFileType = sourcecode.swift; path = SettingView.swift; sourceTree = "<group>"; };
		D3D3EFF52BE13E0900C57E15 /* ToggleButton.swift */ = {isa = PBXFileReference; lastKnownFileType = sourcecode.swift; path = ToggleButton.swift; sourceTree = "<group>"; };
/* End PBXFileReference section */

/* Begin PBXFrameworksBuildPhase section */
		D3D3EFD02BE135DA00C57E15 /* Frameworks */ = {
			isa = PBXFrameworksBuildPhase;
			buildActionMask = 2147483647;
			files = (
			);
			runOnlyForDeploymentPostprocessing = 0;
		};
/* End PBXFrameworksBuildPhase section */

/* Begin PBXGroup section */
		D3D3EFCA2BE135DA00C57E15 = {
			isa = PBXGroup;
			children = (
				D3D3EFD52BE135DA00C57E15 /* Custom-Tabbar-SwiftUI */,
				D3D3EFD42BE135DA00C57E15 /* Products */,
			);
			sourceTree = "<group>";
		};
		D3D3EFD42BE135DA00C57E15 /* Products */ = {
			isa = PBXGroup;
			children = (
				D3D3EFD32BE135DA00C57E15 /* Custom-Tabbar-SwiftUI.app */,
			);
			name = Products;
			sourceTree = "<group>";
		};
		D3D3EFD52BE135DA00C57E15 /* Custom-Tabbar-SwiftUI */ = {
			isa = PBXGroup;
			children = (
				D3D3EFEA2BE136B500C57E15 /* Tab Views */,
				D3D3EFEC2BE136FE00C57E15 /* Tabbar */,
				D3D3EFF42BE13DFC00C57E15 /* Shared */,
				D3D3EFEB2BE136F600C57E15 /* Core */,
				D3D3EFDA2BE135DD00C57E15 /* Assets.xcassets */,
				D3D3EFDC2BE135DD00C57E15 /* Preview Content */,
			);
			path = "Custom-Tabbar-SwiftUI";
			sourceTree = "<group>";
		};
		D3D3EFDC2BE135DD00C57E15 /* Preview Content */ = {
			isa = PBXGroup;
			children = (
				D3D3EFDD2BE135DD00C57E15 /* Preview Assets.xcassets */,
			);
			path = "Preview Content";
			sourceTree = "<group>";
		};
		D3D3EFEA2BE136B500C57E15 /* Tab Views */ = {
			isa = PBXGroup;
			children = (
				D3D3EFE42BE1367600C57E15 /* HomeView.swift */,
				D3D3EFE62BE1368400C57E15 /* LibraryView.swift */,
				D3D3EFF12BE13C0400C57E15 /* SettingView.swift */,
			);
			path = "Tab Views";
			sourceTree = "<group>";
		};
		D3D3EFEB2BE136F600C57E15 /* Core */ = {
			isa = PBXGroup;
			children = (
				D3D3EFD62BE135DA00C57E15 /* Custom_Tabbar_SwiftUIApp.swift */,
				D3D3EFD82BE135DA00C57E15 /* ContentView.swift */,
			);
			path = Core;
			sourceTree = "<group>";
		};
		D3D3EFEC2BE136FE00C57E15 /* Tabbar */ = {
			isa = PBXGroup;
			children = (
				D3D3EFED2BE137D900C57E15 /* CustomTabbar.swift */,
				D3D3EFEF2BE1392E00C57E15 /* TabbarButton.swift */,
			);
			path = Tabbar;
			sourceTree = "<group>";
		};
		D3D3EFF42BE13DFC00C57E15 /* Shared */ = {
			isa = PBXGroup;
			children = (
				D3D3EFF52BE13E0900C57E15 /* ToggleButton.swift */,
			);
			path = Shared;
			sourceTree = "<group>";
		};
/* End PBXGroup section */

/* Begin PBXNativeTarget section */
		D3D3EFD22BE135DA00C57E15 /* Custom-Tabbar-SwiftUI */ = {
			isa = PBXNativeTarget;
			buildConfigurationList = D3D3EFE12BE135DD00C57E15 /* Build configuration list for PBXNativeTarget "Custom-Tabbar-SwiftUI" */;
			buildPhases = (
				D3D3EFCF2BE135DA00C57E15 /* Sources */,
				D3D3EFD02BE135DA00C57E15 /* Frameworks */,
				D3D3EFD12BE135DA00C57E15 /* Resources */,
			);
			buildRules = (
			);
			dependencies = (
			);
			name = "Custom-Tabbar-SwiftUI";
			productName = "Custom-Tabbar-SwiftUI";
			productReference = D3D3EFD32BE135DA00C57E15 /* Custom-Tabbar-SwiftUI.app */;
			productType = "com.apple.product-type.application";
		};
/* End PBXNativeTarget section */

/* Begin PBXProject section */
		D3D3EFCB2BE135DA00C57E15 /* Project object */ = {
			isa = PBXProject;
			attributes = {
				BuildIndependentTargetsInParallel = 1;
				LastSwiftUpdateCheck = 1520;
				LastUpgradeCheck = 1520;
				TargetAttributes = {
					D3D3EFD22BE135DA00C57E15 = {
						CreatedOnToolsVersion = 15.2;
					};
				};
			};
			buildConfigurationList = D3D3EFCE2BE135DA00C57E15 /* Build configuration list for PBXProject "Custom-Tabbar-SwiftUI" */;
			compatibilityVersion = "Xcode 14.0";
			developmentRegion = en;
			hasScannedForEncodings = 0;
			knownRegions = (
				en,
				Base,
			);
			mainGroup = D3D3EFCA2BE135DA00C57E15;
			productRefGroup = D3D3EFD42BE135DA00C57E15 /* Products */;
			projectDirPath = "";
			projectRoot = "";
			targets = (
				D3D3EFD22BE135DA00C57E15 /* Custom-Tabbar-SwiftUI */,
			);
		};
/* End PBXProject section */

/* Begin PBXResourcesBuildPhase section */
		D3D3EFD12BE135DA00C57E15 /* Resources */ = {
			isa = PBXResourcesBuildPhase;
			buildActionMask = 2147483647;
			files = (
				D3D3EFDE2BE135DD00C57E15 /* Preview Assets.xcassets in Resources */,
				D3D3EFDB2BE135DD00C57E15 /* Assets.xcassets in Resources */,
			);
			runOnlyForDeploymentPostprocessing = 0;
		};
/* End PBXResourcesBuildPhase section */

/* Begin PBXSourcesBuildPhase section */
		D3D3EFCF2BE135DA00C57E15 /* Sources */ = {
			isa = PBXSourcesBuildPhase;
			buildActionMask = 2147483647;
			files = (
				D3D3EFEE2BE137D900C57E15 /* CustomTabbar.swift in Sources */,
				D3D3EFE72BE1368400C57E15 /* LibraryView.swift in Sources */,
				D3D3EFE52BE1367600C57E15 /* HomeView.swift in Sources */,
				D3D3EFF62BE13E0900C57E15 /* ToggleButton.swift in Sources */,
				D3D3EFD92BE135DA00C57E15 /* ContentView.swift in Sources */,
				D3D3EFF22BE13C0400C57E15 /* SettingView.swift in Sources */,
				D3D3EFF02BE1392E00C57E15 /* TabbarButton.swift in Sources */,
				D3D3EFD72BE135DA00C57E15 /* Custom_Tabbar_SwiftUIApp.swift in Sources */,
			);
			runOnlyForDeploymentPostprocessing = 0;
		};
/* End PBXSourcesBuildPhase section */

/* Begin XCBuildConfiguration section */
		D3D3EFDF2BE135DD00C57E15 /* Debug */ = {
			isa = XCBuildConfiguration;
			buildSettings = {
				ALWAYS_SEARCH_USER_PATHS = NO;
				ASSETCATALOG_COMPILER_GENERATE_SWIFT_ASSET_SYMBOL_EXTENSIONS = YES;
				CLANG_ANALYZER_NONNULL = YES;
				CLANG_ANALYZER_NUMBER_OBJECT_CONVERSION = YES_AGGRESSIVE;
				CLANG_CXX_LANGUAGE_STANDARD = "gnu++20";
				CLANG_ENABLE_MODULES = YES;
				CLANG_ENABLE_OBJC_ARC = YES;
				CLANG_ENABLE_OBJC_WEAK = YES;
				CLANG_WARN_BLOCK_CAPTURE_AUTORELEASING = YES;
				CLANG_WARN_BOOL_CONVERSION = YES;
				CLANG_WARN_COMMA = YES;
				CLANG_WARN_CONSTANT_CONVERSION = YES;
				CLANG_WARN_DEPRECATED_OBJC_IMPLEMENTATIONS = YES;
				CLANG_WARN_DIRECT_OBJC_ISA_USAGE = YES_ERROR;
				CLANG_WARN_DOCUMENTATION_COMMENTS = YES;
				CLANG_WARN_EMPTY_BODY = YES;
				CLANG_WARN_ENUM_CONVERSION = YES;
				CLANG_WARN_INFINITE_RECURSION = YES;
				CLANG_WARN_INT_CONVERSION = YES;
				CLANG_WARN_NON_LITERAL_NULL_CONVERSION = YES;
				CLANG_WARN_OBJC_IMPLICIT_RETAIN_SELF = YES;
				CLANG_WARN_OBJC_LITERAL_CONVERSION = YES;
				CLANG_WARN_OBJC_ROOT_CLASS = YES_ERROR;
				CLANG_WARN_QUOTED_INCLUDE_IN_FRAMEWORK_HEADER = YES;
				CLANG_WARN_RANGE_LOOP_ANALYSIS = YES;
				CLANG_WARN_STRICT_PROTOTYPES = YES;
				CLANG_WARN_SUSPICIOUS_MOVE = YES;
				CLANG_WARN_UNGUARDED_AVAILABILITY = YES_AGGRESSIVE;
				CLANG_WARN_UNREACHABLE_CODE = YES;
				CLANG_WARN__DUPLICATE_METHOD_MATCH = YES;
				COPY_PHASE_STRIP = NO;
				DEBUG_INFORMATION_FORMAT = dwarf;
				ENABLE_STRICT_OBJC_MSGSEND = YES;
				ENABLE_TESTABILITY = YES;
				ENABLE_USER_SCRIPT_SANDBOXING = YES;
				GCC_C_LANGUAGE_STANDARD = gnu17;
				GCC_DYNAMIC_NO_PIC = NO;
				GCC_NO_COMMON_BLOCKS = YES;
				GCC_OPTIMIZATION_LEVEL = 0;
				GCC_PREPROCESSOR_DEFINITIONS = (
					"DEBUG=1",
					"$(inherited)",
				);
				GCC_WARN_64_TO_32_BIT_CONVERSION = YES;
				GCC_WARN_ABOUT_RETURN_TYPE = YES_ERROR;
				GCC_WARN_UNDECLARED_SELECTOR = YES;
				GCC_WARN_UNINITIALIZED_AUTOS = YES_AGGRESSIVE;
				GCC_WARN_UNUSED_FUNCTION = YES;
				GCC_WARN_UNUSED_VARIABLE = YES;
				IPHONEOS_DEPLOYMENT_TARGET = 17.2;
				LOCALIZATION_PREFERS_STRING_CATALOGS = YES;
				MTL_ENABLE_DEBUG_INFO = INCLUDE_SOURCE;
				MTL_FAST_MATH = YES;
				ONLY_ACTIVE_ARCH = YES;
				SDKROOT = iphoneos;
				SWIFT_ACTIVE_COMPILATION_CONDITIONS = "DEBUG $(inherited)";
				SWIFT_OPTIMIZATION_LEVEL = "-Onone";
			};
			name = Debug;
		};
		D3D3EFE02BE135DD00C57E15 /* Release */ = {
			isa = XCBuildConfiguration;
			buildSettings = {
				ALWAYS_SEARCH_USER_PATHS = NO;
				ASSETCATALOG_COMPILER_GENERATE_SWIFT_ASSET_SYMBOL_EXTENSIONS = YES;
				CLANG_ANALYZER_NONNULL = YES;
				CLANG_ANALYZER_NUMBER_OBJECT_CONVERSION = YES_AGGRESSIVE;
				CLANG_CXX_LANGUAGE_STANDARD = "gnu++20";
				CLANG_ENABLE_MODULES = YES;
				CLANG_ENABLE_OBJC_ARC = YES;
				CLANG_ENABLE_OBJC_WEAK = YES;
				CLANG_WARN_BLOCK_CAPTURE_AUTORELEASING = YES;
				CLANG_WARN_BOOL_CONVERSION = YES;
				CLANG_WARN_COMMA = YES;
				CLANG_WARN_CONSTANT_CONVERSION = YES;
				CLANG_WARN_DEPRECATED_OBJC_IMPLEMENTATIONS = YES;
				CLANG_WARN_DIRECT_OBJC_ISA_USAGE = YES_ERROR;
				CLANG_WARN_DOCUMENTATION_COMMENTS = YES;
				CLANG_WARN_EMPTY_BODY = YES;
				CLANG_WARN_ENUM_CONVERSION = YES;
				CLANG_WARN_INFINITE_RECURSION = YES;
				CLANG_WARN_INT_CONVERSION = YES;
				CLANG_WARN_NON_LITERAL_NULL_CONVERSION = YES;
				CLANG_WARN_OBJC_IMPLICIT_RETAIN_SELF = YES;
				CLANG_WARN_OBJC_LITERAL_CONVERSION = YES;
				CLANG_WARN_OBJC_ROOT_CLASS = YES_ERROR;
				CLANG_WARN_QUOTED_INCLUDE_IN_FRAMEWORK_HEADER = YES;
				CLANG_WARN_RANGE_LOOP_ANALYSIS = YES;
				CLANG_WARN_STRICT_PROTOTYPES = YES;
				CLANG_WARN_SUSPICIOUS_MOVE = YES;
				CLANG_WARN_UNGUARDED_AVAILABILITY = YES_AGGRESSIVE;
				CLANG_WARN_UNREACHABLE_CODE = YES;
				CLANG_WARN__DUPLICATE_METHOD_MATCH = YES;
				COPY_PHASE_STRIP = NO;
				DEBUG_INFORMATION_FORMAT = "dwarf-with-dsym";
				ENABLE_NS_ASSERTIONS = NO;
				ENABLE_STRICT_OBJC_MSGSEND = YES;
				ENABLE_USER_SCRIPT_SANDBOXING = YES;
				GCC_C_LANGUAGE_STANDARD = gnu17;
				GCC_NO_COMMON_BLOCKS = YES;
				GCC_WARN_64_TO_32_BIT_CONVERSION = YES;
				GCC_WARN_ABOUT_RETURN_TYPE = YES_ERROR;
				GCC_WARN_UNDECLARED_SELECTOR = YES;
				GCC_WARN_UNINITIALIZED_AUTOS = YES_AGGRESSIVE;
				GCC_WARN_UNUSED_FUNCTION = YES;
				GCC_WARN_UNUSED_VARIABLE = YES;
				IPHONEOS_DEPLOYMENT_TARGET = 17.2;
				LOCALIZATION_PREFERS_STRING_CATALOGS = YES;
				MTL_ENABLE_DEBUG_INFO = NO;
				MTL_FAST_MATH = YES;
				SDKROOT = iphoneos;
				SWIFT_COMPILATION_MODE = wholemodule;
				VALIDATE_PRODUCT = YES;
			};
			name = Release;
		};
		D3D3EFE22BE135DD00C57E15 /* Debug */ = {
			isa = XCBuildConfiguration;
			buildSettings = {
				ASSETCATALOG_COMPILER_APPICON_NAME = AppIcon;
				ASSETCATALOG_COMPILER_GLOBAL_ACCENT_COLOR_NAME = AccentColor;
				CODE_SIGN_STYLE = Automatic;
				CURRENT_PROJECT_VERSION = 1;
				DEVELOPMENT_ASSET_PATHS = "\"Custom-Tabbar-SwiftUI/Preview Content\"";
				DEVELOPMENT_TEAM = 8N8M9HWA9N;
				ENABLE_PREVIEWS = YES;
				GENERATE_INFOPLIST_FILE = YES;
				INFOPLIST_KEY_UIApplicationSceneManifest_Generation = YES;
				INFOPLIST_KEY_UIApplicationSupportsIndirectInputEvents = YES;
				INFOPLIST_KEY_UILaunchScreen_Generation = YES;
				INFOPLIST_KEY_UISupportedInterfaceOrientations = UIInterfaceOrientationPortrait;
				INFOPLIST_KEY_UISupportedInterfaceOrientations_iPad = "UIInterfaceOrientationLandscapeLeft UIInterfaceOrientationLandscapeRight UIInterfaceOrientationPortrait UIInterfaceOrientationPortraitUpsideDown";
				IPHONEOS_DEPLOYMENT_TARGET = 16.0;
				LD_RUNPATH_SEARCH_PATHS = (
					"$(inherited)",
					"@executable_path/Frameworks",
				);
				MARKETING_VERSION = 1.0;
				PRODUCT_BUNDLE_IDENTIFIER = "com.canerates.Custom-Tabbar-SwiftUI";
				PRODUCT_NAME = "$(TARGET_NAME)";
				SUPPORTED_PLATFORMS = "iphoneos iphonesimulator";
				SUPPORTS_MACCATALYST = NO;
				SUPPORTS_MAC_DESIGNED_FOR_IPHONE_IPAD = NO;
				SUPPORTS_XR_DESIGNED_FOR_IPHONE_IPAD = NO;
				SWIFT_EMIT_LOC_STRINGS = YES;
				SWIFT_VERSION = 5.0;
				TARGETED_DEVICE_FAMILY = 1;
			};
			name = Debug;
		};
		D3D3EFE32BE135DD00C57E15 /* Release */ = {
			isa = XCBuildConfiguration;
			buildSettings = {
				ASSETCATALOG_COMPILER_APPICON_NAME = AppIcon;
				ASSETCATALOG_COMPILER_GLOBAL_ACCENT_COLOR_NAME = AccentColor;
				CODE_SIGN_STYLE = Automatic;
				CURRENT_PROJECT_VERSION = 1;
				DEVELOPMENT_ASSET_PATHS = "\"Custom-Tabbar-SwiftUI/Preview Content\"";
				DEVELOPMENT_TEAM = 8N8M9HWA9N;
				ENABLE_PREVIEWS = YES;
				GENERATE_INFOPLIST_FILE = YES;
				INFOPLIST_KEY_UIApplicationSceneManifest_Generation = YES;
				INFOPLIST_KEY_UIApplicationSupportsIndirectInputEvents = YES;
				INFOPLIST_KEY_UILaunchScreen_Generation = YES;
				INFOPLIST_KEY_UISupportedInterfaceOrientations = UIInterfaceOrientationPortrait;
				INFOPLIST_KEY_UISupportedInterfaceOrientations_iPad = "UIInterfaceOrientationLandscapeLeft UIInterfaceOrientationLandscapeRight UIInterfaceOrientationPortrait UIInterfaceOrientationPortraitUpsideDown";
				IPHONEOS_DEPLOYMENT_TARGET = 16.0;
				LD_RUNPATH_SEARCH_PATHS = (
					"$(inherited)",
					"@executable_path/Frameworks",
				);
				MARKETING_VERSION = 1.0;
				PRODUCT_BUNDLE_IDENTIFIER = "com.canerates.Custom-Tabbar-SwiftUI";
				PRODUCT_NAME = "$(TARGET_NAME)";
				SUPPORTED_PLATFORMS = "iphoneos iphonesimulator";
				SUPPORTS_MACCATALYST = NO;
				SUPPORTS_MAC_DESIGNED_FOR_IPHONE_IPAD = NO;
				SUPPORTS_XR_DESIGNED_FOR_IPHONE_IPAD = NO;
				SWIFT_EMIT_LOC_STRINGS = YES;
				SWIFT_VERSION = 5.0;
				TARGETED_DEVICE_FAMILY = 1;
			};
			name = Release;
		};
/* End XCBuildConfiguration section */

/* Begin XCConfigurationList section */
		D3D3EFCE2BE135DA00C57E15 /* Build configuration list for PBXProject "Custom-Tabbar-SwiftUI" */ = {
			isa = XCConfigurationList;
			buildConfigurations = (
				D3D3EFDF2BE135DD00C57E15 /* Debug */,
				D3D3EFE02BE135DD00C57E15 /* Release */,
			);
			defaultConfigurationIsVisible = 0;
			defaultConfigurationName = Release;
		};
		D3D3EFE12BE135DD00C57E15 /* Build configuration list for PBXNativeTarget "Custom-Tabbar-SwiftUI" */ = {
			isa = XCConfigurationList;
			buildConfigurations = (
				D3D3EFE22BE135DD00C57E15 /* Debug */,
				D3D3EFE32BE135DD00C57E15 /* Release */,
			);
			defaultConfigurationIsVisible = 0;
			defaultConfigurationName = Release;
		};
/* End XCConfigurationList section */
	};
	rootObject = D3D3EFCB2BE135DA00C57E15 /* Project object */;
}
